
Microsoft Visual Studio Solution File, Format Version 12.00
# Visual Studio Version 16
VisualStudioVersion = 16.0.30309.148
MinimumVisualStudioVersion = 10.0.40219.1
Project("{FAE04EC0-301F-11D3-BF4B-00C04F79EFBC}") = "Homework", "Homework\Homework.csproj", "{E287AA37-8FA2-4CAB-995A-7A66166A71D1}"
EndProject
Global
	GlobalSection(SolutionConfigurationPlatforms) = preSolution
		Debug|Any CPU = Debug|Any CPU
		Release|Any CPU = Release|Any CPU
	EndGlobalSection
	GlobalSection(ProjectConfigurationPlatforms) = postSolution
		{E287AA37-8FA2-4CAB-995A-7A66166A71D1}.Debug|Any CPU.ActiveCfg = Debug|Any CPU
		{E287AA37-8FA2-4CAB-995A-7A66166A71D1}.Debug|Any CPU.Build.0 = Debug|Any CPU
		{E287AA37-8FA2-4CAB-995A-7A66166A71D1}.Release|Any CPU.ActiveCfg = Release|Any CPU
		{E287AA37-8FA2-4CAB-995A-7A66166A71D1}.Release|Any CPU.Build.0 = Release|Any CPU
	EndGlobalSection
	GlobalSection(SolutionProperties) = preSolution
		HideSolutionNode = FALSE
	EndGlobalSection
	GlobalSection(ExtensibilityGlobals) = postSolution
		SolutionGuid = {2C1F7E37-C231-4500-91C0-BD2968EB0232}
	EndGlobalSection
EndGlobal
